
Microsoft Visual Studio Solution File, Format Version 12.00
# Visual Studio 15
VisualStudioVersion = 15.0.27130.2003
MinimumVisualStudioVersion = 10.0.40219.1
Project("{FAE04EC0-301F-11D3-BF4B-00C04F79EFBC}") = "AdventOfCode3-1", "AdventOfCode3-1\AdventOfCode3-1.csproj", "{2D20370F-8F10-4615-A670-A1106CE943E2}"
EndProject
Project("{FAE04EC0-301F-11D3-BF4B-00C04F79EFBC}") = "AdventOfCode3-2", "AdventOfCode3-2\AdventOfCode3-2.csproj", "{A06B8A9D-E958-474D-90E1-8357C363BBD4}"
EndProject
Project("{FAE04EC0-301F-11D3-BF4B-00C04F79EFBC}") = "AdventOfCode4-1", "AdventOfCode4-1\AdventOfCode4-1.csproj", "{CC95F3BD-4667-4F50-905D-52EE3BDF962A}"
EndProject
Project("{FAE04EC0-301F-11D3-BF4B-00C04F79EFBC}") = "AdventOfCode4-2", "AdventOfCode4-2\AdventOfCode4-2.csproj", "{FF2C06E4-D8B3-4787-A69A-9B28876BBD85}"
EndProject
Project("{FAE04EC0-301F-11D3-BF4B-00C04F79EFBC}") = "AdventOfCode5-1", "AdventOfCode5-1\AdventOfCode5-1.csproj", "{33CE7D19-F3F6-46B5-BBBE-BD7A361FA348}"
EndProject
Project("{FAE04EC0-301F-11D3-BF4B-00C04F79EFBC}") = "AdventOfCode5-2", "AdventOfCode5-2\AdventOfCode5-2.csproj", "{9DBD2086-E1CF-4CBC-9893-8AEA4FD57839}"
EndProject
Project("{FAE04EC0-301F-11D3-BF4B-00C04F79EFBC}") = "AdventOfCode6-1", "AdventOfCode6-1\AdventOfCode6-1.csproj", "{7BD55B3D-8D75-4947-BAD1-10429F7D86C0}"
EndProject
Project("{FAE04EC0-301F-11D3-BF4B-00C04F79EFBC}") = "AdventOfCode6-2", "AdventOfCode6-2\AdventOfCode6-2.csproj", "{906ADF6B-70EC-4B6A-9345-629A3199D202}"
EndProject
Project("{FAE04EC0-301F-11D3-BF4B-00C04F79EFBC}") = "AdventOfCode7-1", "AdventOfCode7-1\AdventOfCode7-1.csproj", "{C861CAC6-CBCC-4F44-B1E8-58458144A1FA}"
EndProject
Project("{FAE04EC0-301F-11D3-BF4B-00C04F79EFBC}") = "AdventOfCode7-2", "AdventOfCode7-2\AdventOfCode7-2.csproj", "{975B2875-00A1-4955-839C-67127DE6F337}"
EndProject
Project("{FAE04EC0-301F-11D3-BF4B-00C04F79EFBC}") = "AdventOfCode9-1", "AdventOfCode9-1\AdventOfCode9-1.csproj", "{CA2DEE07-281D-47C7-AB40-96E4873E51CD}"
EndProject
Project("{FAE04EC0-301F-11D3-BF4B-00C04F79EFBC}") = "AdventOfCode10-1", "AdventOfCode10-1\AdventOfCode10-1.csproj", "{B30FDEA4-5F15-4975-B7D2-D436B24C0A32}"
EndProject
Project("{FAE04EC0-301F-11D3-BF4B-00C04F79EFBC}") = "AdventOfCode10-2", "AdventOfCode10-2\AdventOfCode10-2.csproj", "{5A01AC5A-AD96-4A4F-B02C-31AFFC037731}"
EndProject
Project("{FAE04EC0-301F-11D3-BF4B-00C04F79EFBC}") = "AdventOfCode11-1", "AdventOfCode11-1\AdventOfCode11-1.csproj", "{7D00191D-4104-4470-B898-7DFA04B45655}"
EndProject
Project("{FAE04EC0-301F-11D3-BF4B-00C04F79EFBC}") = "AdventOfCode12-1", "AdventOfCode12-1\AdventOfCode12-1.csproj", "{89C8BD98-29F5-4B75-9527-73BDCFF47F25}"
EndProject
Project("{FAE04EC0-301F-11D3-BF4B-00C04F79EFBC}") = "AdventOfCode13-1", "AdventOfCode13-1\AdventOfCode13-1.csproj", "{FE6CBF77-33AE-4442-8C0A-8B45504CB91E}"
EndProject
Project("{9A19103F-16F7-4668-BE54-9A1E7A4F7556}") = "AdventOfCode1-1", "E:\MyCode\AdventOfCode1-1\AdventOfCode1-1\AdventOfCode1-1.csproj", "{E08C7DDD-57CC-4819-910D-CBC21B6B4211}"
EndProject
Project("{9A19103F-16F7-4668-BE54-9A1E7A4F7556}") = "AdventOfCode1-2", "E:\MyCode\AdventOfCode1-1\AdventOfCode1-2\AdventOfCode1-2.csproj", "{D0F317C0-5BAD-46FC-A8BA-6C38827FAE51}"
EndProject
Project("{9A19103F-16F7-4668-BE54-9A1E7A4F7556}") = "AdventOfCode2-1", "E:\MyCode\AdventOfCode1-1\AdventOfCode2-1\AdventOfCode2-1.csproj", "{3B5BF56C-696E-404C-9A29-39132C2272F7}"
EndProject
Project("{FAE04EC0-301F-11D3-BF4B-00C04F79EFBC}") = "AdventOfCode2-2", "E:\MyCode\AdventOfCode1-1\AdventOfCode2-2\AdventOfCode2-2.csproj", "{FD2136D6-BBBF-4154-AA5F-CE4F7803D91D}"
EndProject
Project("{FAE04EC0-301F-11D3-BF4B-00C04F79EFBC}") = "AdventOfCode8-1", "E:\MyCode\AdventOfCode1-1\AdventOfCode8-1\AdventOfCode8-1.csproj", "{32FBE8C9-C505-4CA0-8ED2-3E487312C268}"
EndProject
Project("{FAE04EC0-301F-11D3-BF4B-00C04F79EFBC}") = "AdventOfCode14-1", "AdventOfCode14-1\AdventOfCode14-1.csproj", "{4AFE6327-41D8-4CE4-9C0F-B3F9EA93F3C9}"
EndProject
Project("{FAE04EC0-301F-11D3-BF4B-00C04F79EFBC}") = "AdventOfCode15-1", "AdventOfCode15-1\AdventOfCode15-1.csproj", "{6BE1AE08-E023-4F94-B825-9B5AD8EE0349}"
EndProject
Global
	GlobalSection(SolutionConfigurationPlatforms) = preSolution
		Debug|Any CPU = Debug|Any CPU
		Release|Any CPU = Release|Any CPU
	EndGlobalSection
	GlobalSection(ProjectConfigurationPlatforms) = postSolution
		{2D20370F-8F10-4615-A670-A1106CE943E2}.Debug|Any CPU.ActiveCfg = Debug|Any CPU
		{2D20370F-8F10-4615-A670-A1106CE943E2}.Debug|Any CPU.Build.0 = Debug|Any CPU
		{2D20370F-8F10-4615-A670-A1106CE943E2}.Release|Any CPU.ActiveCfg = Release|Any CPU
		{2D20370F-8F10-4615-A670-A1106CE943E2}.Release|Any CPU.Build.0 = Release|Any CPU
		{A06B8A9D-E958-474D-90E1-8357C363BBD4}.Debug|Any CPU.ActiveCfg = Debug|Any CPU
		{A06B8A9D-E958-474D-90E1-8357C363BBD4}.Debug|Any CPU.Build.0 = Debug|Any CPU
		{A06B8A9D-E958-474D-90E1-8357C363BBD4}.Release|Any CPU.ActiveCfg = Release|Any CPU
		{A06B8A9D-E958-474D-90E1-8357C363BBD4}.Release|Any CPU.Build.0 = Release|Any CPU
		{CC95F3BD-4667-4F50-905D-52EE3BDF962A}.Debug|Any CPU.ActiveCfg = Debug|Any CPU
		{CC95F3BD-4667-4F50-905D-52EE3BDF962A}.Debug|Any CPU.Build.0 = Debug|Any CPU
		{CC95F3BD-4667-4F50-905D-52EE3BDF962A}.Release|Any CPU.ActiveCfg = Release|Any CPU
		{CC95F3BD-4667-4F50-905D-52EE3BDF962A}.Release|Any CPU.Build.0 = Release|Any CPU
		{FF2C06E4-D8B3-4787-A69A-9B28876BBD85}.Debug|Any CPU.ActiveCfg = Debug|Any CPU
		{FF2C06E4-D8B3-4787-A69A-9B28876BBD85}.Debug|Any CPU.Build.0 = Debug|Any CPU
		{FF2C06E4-D8B3-4787-A69A-9B28876BBD85}.Release|Any CPU.ActiveCfg = Release|Any CPU
		{FF2C06E4-D8B3-4787-A69A-9B28876BBD85}.Release|Any CPU.Build.0 = Release|Any CPU
		{33CE7D19-F3F6-46B5-BBBE-BD7A361FA348}.Debug|Any CPU.ActiveCfg = Debug|Any CPU
		{33CE7D19-F3F6-46B5-BBBE-BD7A361FA348}.Debug|Any CPU.Build.0 = Debug|Any CPU
		{33CE7D19-F3F6-46B5-BBBE-BD7A361FA348}.Release|Any CPU.ActiveCfg = Release|Any CPU
		{33CE7D19-F3F6-46B5-BBBE-BD7A361FA348}.Release|Any CPU.Build.0 = Release|Any CPU
		{9DBD2086-E1CF-4CBC-9893-8AEA4FD57839}.Debug|Any CPU.ActiveCfg = Debug|Any CPU
		{9DBD2086-E1CF-4CBC-9893-8AEA4FD57839}.Debug|Any CPU.Build.0 = Debug|Any CPU
		{9DBD2086-E1CF-4CBC-9893-8AEA4FD57839}.Release|Any CPU.ActiveCfg = Release|Any CPU
		{9DBD2086-E1CF-4CBC-9893-8AEA4FD57839}.Release|Any CPU.Build.0 = Release|Any CPU
		{7BD55B3D-8D75-4947-BAD1-10429F7D86C0}.Debug|Any CPU.ActiveCfg = Debug|Any CPU
		{7BD55B3D-8D75-4947-BAD1-10429F7D86C0}.Debug|Any CPU.Build.0 = Debug|Any CPU
		{7BD55B3D-8D75-4947-BAD1-10429F7D86C0}.Release|Any CPU.ActiveCfg = Release|Any CPU
		{7BD55B3D-8D75-4947-BAD1-10429F7D86C0}.Release|Any CPU.Build.0 = Release|Any CPU
		{906ADF6B-70EC-4B6A-9345-629A3199D202}.Debug|Any CPU.ActiveCfg = Debug|Any CPU
		{906ADF6B-70EC-4B6A-9345-629A3199D202}.Debug|Any CPU.Build.0 = Debug|Any CPU
		{906ADF6B-70EC-4B6A-9345-629A3199D202}.Release|Any CPU.ActiveCfg = Release|Any CPU
		{906ADF6B-70EC-4B6A-9345-629A3199D202}.Release|Any CPU.Build.0 = Release|Any CPU
		{C861CAC6-CBCC-4F44-B1E8-58458144A1FA}.Debug|Any CPU.ActiveCfg = Debug|Any CPU
		{C861CAC6-CBCC-4F44-B1E8-58458144A1FA}.Debug|Any CPU.Build.0 = Debug|Any CPU
		{C861CAC6-CBCC-4F44-B1E8-58458144A1FA}.Release|Any CPU.ActiveCfg = Release|Any CPU
		{C861CAC6-CBCC-4F44-B1E8-58458144A1FA}.Release|Any CPU.Build.0 = Release|Any CPU
		{975B2875-00A1-4955-839C-67127DE6F337}.Debug|Any CPU.ActiveCfg = Debug|Any CPU
		{975B2875-00A1-4955-839C-67127DE6F337}.Debug|Any CPU.Build.0 = Debug|Any CPU
		{975B2875-00A1-4955-839C-67127DE6F337}.Release|Any CPU.ActiveCfg = Release|Any CPU
		{975B2875-00A1-4955-839C-67127DE6F337}.Release|Any CPU.Build.0 = Release|Any CPU
		{CA2DEE07-281D-47C7-AB40-96E4873E51CD}.Debug|Any CPU.ActiveCfg = Debug|Any CPU
		{CA2DEE07-281D-47C7-AB40-96E4873E51CD}.Debug|Any CPU.Build.0 = Debug|Any CPU
		{CA2DEE07-281D-47C7-AB40-96E4873E51CD}.Release|Any CPU.ActiveCfg = Release|Any CPU
		{CA2DEE07-281D-47C7-AB40-96E4873E51CD}.Release|Any CPU.Build.0 = Release|Any CPU
		{B30FDEA4-5F15-4975-B7D2-D436B24C0A32}.Debug|Any CPU.ActiveCfg = Debug|Any CPU
		{B30FDEA4-5F15-4975-B7D2-D436B24C0A32}.Debug|Any CPU.Build.0 = Debug|Any CPU
		{B30FDEA4-5F15-4975-B7D2-D436B24C0A32}.Release|Any CPU.ActiveCfg = Release|Any CPU
		{B30FDEA4-5F15-4975-B7D2-D436B24C0A32}.Release|Any CPU.Build.0 = Release|Any CPU
		{5A01AC5A-AD96-4A4F-B02C-31AFFC037731}.Debug|Any CPU.ActiveCfg = Debug|Any CPU
		{5A01AC5A-AD96-4A4F-B02C-31AFFC037731}.Debug|Any CPU.Build.0 = Debug|Any CPU
		{5A01AC5A-AD96-4A4F-B02C-31AFFC037731}.Release|Any CPU.ActiveCfg = Release|Any CPU
		{5A01AC5A-AD96-4A4F-B02C-31AFFC037731}.Release|Any CPU.Build.0 = Release|Any CPU
		{7D00191D-4104-4470-B898-7DFA04B45655}.Debug|Any CPU.ActiveCfg = Debug|Any CPU
		{7D00191D-4104-4470-B898-7DFA04B45655}.Debug|Any CPU.Build.0 = Debug|Any CPU
		{7D00191D-4104-4470-B898-7DFA04B45655}.Release|Any CPU.ActiveCfg = Release|Any CPU
		{7D00191D-4104-4470-B898-7DFA04B45655}.Release|Any CPU.Build.0 = Release|Any CPU
		{89C8BD98-29F5-4B75-9527-73BDCFF47F25}.Debug|Any CPU.ActiveCfg = Debug|Any CPU
		{89C8BD98-29F5-4B75-9527-73BDCFF47F25}.Debug|Any CPU.Build.0 = Debug|Any CPU
		{89C8BD98-29F5-4B75-9527-73BDCFF47F25}.Release|Any CPU.ActiveCfg = Release|Any CPU
		{89C8BD98-29F5-4B75-9527-73BDCFF47F25}.Release|Any CPU.Build.0 = Release|Any CPU
		{FE6CBF77-33AE-4442-8C0A-8B45504CB91E}.Debug|Any CPU.ActiveCfg = Debug|Any CPU
		{FE6CBF77-33AE-4442-8C0A-8B45504CB91E}.Debug|Any CPU.Build.0 = Debug|Any CPU
		{FE6CBF77-33AE-4442-8C0A-8B45504CB91E}.Release|Any CPU.ActiveCfg = Release|Any CPU
		{FE6CBF77-33AE-4442-8C0A-8B45504CB91E}.Release|Any CPU.Build.0 = Release|Any CPU
		{E08C7DDD-57CC-4819-910D-CBC21B6B4211}.Debug|Any CPU.ActiveCfg = Debug|Any CPU
		{E08C7DDD-57CC-4819-910D-CBC21B6B4211}.Debug|Any CPU.Build.0 = Debug|Any CPU
		{E08C7DDD-57CC-4819-910D-CBC21B6B4211}.Release|Any CPU.ActiveCfg = Release|Any CPU
		{E08C7DDD-57CC-4819-910D-CBC21B6B4211}.Release|Any CPU.Build.0 = Release|Any CPU
		{D0F317C0-5BAD-46FC-A8BA-6C38827FAE51}.Debug|Any CPU.ActiveCfg = Debug|Any CPU
		{D0F317C0-5BAD-46FC-A8BA-6C38827FAE51}.Debug|Any CPU.Build.0 = Debug|Any CPU
		{D0F317C0-5BAD-46FC-A8BA-6C38827FAE51}.Release|Any CPU.ActiveCfg = Release|Any CPU
		{D0F317C0-5BAD-46FC-A8BA-6C38827FAE51}.Release|Any CPU.Build.0 = Release|Any CPU
		{3B5BF56C-696E-404C-9A29-39132C2272F7}.Debug|Any CPU.ActiveCfg = Debug|Any CPU
		{3B5BF56C-696E-404C-9A29-39132C2272F7}.Debug|Any CPU.Build.0 = Debug|Any CPU
		{3B5BF56C-696E-404C-9A29-39132C2272F7}.Release|Any CPU.ActiveCfg = Release|Any CPU
		{3B5BF56C-696E-404C-9A29-39132C2272F7}.Release|Any CPU.Build.0 = Release|Any CPU
		{FD2136D6-BBBF-4154-AA5F-CE4F7803D91D}.Debug|Any CPU.ActiveCfg = Debug|Any CPU
		{FD2136D6-BBBF-4154-AA5F-CE4F7803D91D}.Debug|Any CPU.Build.0 = Debug|Any CPU
		{FD2136D6-BBBF-4154-AA5F-CE4F7803D91D}.Release|Any CPU.ActiveCfg = Release|Any CPU
		{FD2136D6-BBBF-4154-AA5F-CE4F7803D91D}.Release|Any CPU.Build.0 = Release|Any CPU
		{32FBE8C9-C505-4CA0-8ED2-3E487312C268}.Debug|Any CPU.ActiveCfg = Debug|Any CPU
		{32FBE8C9-C505-4CA0-8ED2-3E487312C268}.Debug|Any CPU.Build.0 = Debug|Any CPU
		{32FBE8C9-C505-4CA0-8ED2-3E487312C268}.Release|Any CPU.ActiveCfg = Release|Any CPU
		{32FBE8C9-C505-4CA0-8ED2-3E487312C268}.Release|Any CPU.Build.0 = Release|Any CPU
		{4AFE6327-41D8-4CE4-9C0F-B3F9EA93F3C9}.Debug|Any CPU.ActiveCfg = Debug|Any CPU
		{4AFE6327-41D8-4CE4-9C0F-B3F9EA93F3C9}.Debug|Any CPU.Build.0 = Debug|Any CPU
		{4AFE6327-41D8-4CE4-9C0F-B3F9EA93F3C9}.Release|Any CPU.ActiveCfg = Release|Any CPU
		{4AFE6327-41D8-4CE4-9C0F-B3F9EA93F3C9}.Release|Any CPU.Build.0 = Release|Any CPU
		{6BE1AE08-E023-4F94-B825-9B5AD8EE0349}.Debug|Any CPU.ActiveCfg = Debug|Any CPU
		{6BE1AE08-E023-4F94-B825-9B5AD8EE0349}.Debug|Any CPU.Build.0 = Debug|Any CPU
		{6BE1AE08-E023-4F94-B825-9B5AD8EE0349}.Release|Any CPU.ActiveCfg = Release|Any CPU
		{6BE1AE08-E023-4F94-B825-9B5AD8EE0349}.Release|Any CPU.Build.0 = Release|Any CPU
	EndGlobalSection
	GlobalSection(SolutionProperties) = preSolution
		HideSolutionNode = FALSE
	EndGlobalSection
	GlobalSection(ExtensibilityGlobals) = postSolution
		SolutionGuid = {1EBA66C9-9E29-40A7-884D-AF7FBB4A60A1}
	EndGlobalSection
EndGlobal
